
Microsoft Visual Studio Solution File, Format Version 12.00
# Visual Studio Version 17
VisualStudioVersion = 17.6.33815.320
MinimumVisualStudioVersion = 10.0.40219.1
Project("{FAE04EC0-301F-11D3-BF4B-00C04F79EFBC}") = "ReunionApi", "ReunionApi\ReunionApi.csproj", "{74CB9A65-ECAE-4762-A2D9-5EA344E9610C}"
EndProject
Global
	GlobalSection(SolutionConfigurationPlatforms) = preSolution
		Debug|Any CPU = Debug|Any CPU
		Release|Any CPU = Release|Any CPU
	EndGlobalSection
	GlobalSection(ProjectConfigurationPlatforms) = postSolution
		{74CB9A65-ECAE-4762-A2D9-5EA344E9610C}.Debug|Any CPU.ActiveCfg = Debug|Any CPU
		{74CB9A65-ECAE-4762-A2D9-5EA344E9610C}.Debug|Any CPU.Build.0 = Debug|Any CPU
		{74CB9A65-ECAE-4762-A2D9-5EA344E9610C}.Release|Any CPU.ActiveCfg = Release|Any CPU
		{74CB9A65-ECAE-4762-A2D9-5EA344E9610C}.Release|Any CPU.Build.0 = Release|Any CPU
	EndGlobalSection
	GlobalSection(SolutionProperties) = preSolution
		HideSolutionNode = FALSE
	EndGlobalSection
	GlobalSection(ExtensibilityGlobals) = postSolution
		SolutionGuid = {E0BB3B53-C175-4C36-877B-6C8C9733DA58}
	EndGlobalSection
EndGlobal
